// !$*UTF8*$!
{
	archiveVersion = 1;
	classes = {
	};
	objectVersion = 56;
	objects = {

/* Begin PBXBuildFile section */
		AA000001 /* MacChillApp.swift in Sources */ = {isa = PBXBuildFile; fileRef = AB000001; };
		AA000002 /* ThermalModels.swift in Sources */ = {isa = PBXBuildFile; fileRef = AB000002; };
		AA000003 /* SMCReader.swift in Sources */ = {isa = PBXBuildFile; fileRef = AB000003; };
		AA000004 /* HIDTemperatureReader.swift in Sources */ = {isa = PBXBuildFile; fileRef = AB000004; };
		AA000005 /* ThermalPressureReader.swift in Sources */ = {isa = PBXBuildFile; fileRef = AB000005; };
		AA000006 /* ThermalMonitor.swift in Sources */ = {isa = PBXBuildFile; fileRef = AB000006; };
		AA000007 /* LowPowerModeManager.swift in Sources */ = {isa = PBXBuildFile; fileRef = AB000007; };
		AA000008 /* MenuBarIcon.swift in Sources */ = {isa = PBXBuildFile; fileRef = AB000008; };
		AA000009 /* MenuContentView.swift in Sources */ = {isa = PBXBuildFile; fileRef = AB000009; };
		AA000010 /* HistoryGraphView.swift in Sources */ = {isa = PBXBuildFile; fileRef = AB000010; };
		AA000011 /* Assets.xcassets in Resources */ = {isa = PBXBuildFile; fileRef = AB000011; };
		AA000012 /* IOKit.framework in Frameworks */ = {isa = PBXBuildFile; fileRef = AB000012; };
/* End PBXBuildFile section */

/* Begin PBXFileReference section */
		AB000000 /* MacChill.app */ = {isa = PBXFileReference; explicitFileType = wrapper.application; includeInIndex = 0; path = MacChill.app; sourceTree = BUILT_PRODUCTS_DIR; };
		AB000001 /* MacChillApp.swift */ = {isa = PBXFileReference; lastKnownFileType = sourcecode.swift; path = MacChillApp.swift; sourceTree = "<group>"; };
		AB000002 /* ThermalModels.swift */ = {isa = PBXFileReference; lastKnownFileType = sourcecode.swift; path = ThermalModels.swift; sourceTree = "<group>"; };
		AB000003 /* SMCReader.swift */ = {isa = PBXFileReference; lastKnownFileType = sourcecode.swift; path = SMCReader.swift; sourceTree = "<group>"; };
		AB000004 /* HIDTemperatureReader.swift */ = {isa = PBXFileReference; lastKnownFileType = sourcecode.swift; path = HIDTemperatureReader.swift; sourceTree = "<group>"; };
		AB000005 /* ThermalPressureReader.swift */ = {isa = PBXFileReference; lastKnownFileType = sourcecode.swift; path = ThermalPressureReader.swift; sourceTree = "<group>"; };
		AB000006 /* ThermalMonitor.swift */ = {isa = PBXFileReference; lastKnownFileType = sourcecode.swift; path = ThermalMonitor.swift; sourceTree = "<group>"; };
		AB000007 /* LowPowerModeManager.swift */ = {isa = PBXFileReference; lastKnownFileType = sourcecode.swift; path = LowPowerModeManager.swift; sourceTree = "<group>"; };
		AB000008 /* MenuBarIcon.swift */ = {isa = PBXFileReference; lastKnownFileType = sourcecode.swift; path = MenuBarIcon.swift; sourceTree = "<group>"; };
		AB000009 /* MenuContentView.swift */ = {isa = PBXFileReference; lastKnownFileType = sourcecode.swift; path = MenuContentView.swift; sourceTree = "<group>"; };
		AB000010 /* HistoryGraphView.swift */ = {isa = PBXFileReference; lastKnownFileType = sourcecode.swift; path = HistoryGraphView.swift; sourceTree = "<group>"; };
		AB000011 /* Assets.xcassets */ = {isa = PBXFileReference; lastKnownFileType = folder.assetcatalog; path = Assets.xcassets; sourceTree = "<group>"; };
		AB000012 /* IOKit.framework */ = {isa = PBXFileReference; lastKnownFileType = wrapper.framework; name = IOKit.framework; path = System/Library/Frameworks/IOKit.framework; sourceTree = SDKROOT; };
		AB000013 /* Info.plist */ = {isa = PBXFileReference; lastKnownFileType = text.plist.xml; path = Info.plist; sourceTree = "<group>"; };
		AB000014 /* MacChill.entitlements */ = {isa = PBXFileReference; lastKnownFileType = text.plist.entitlements; path = MacChill.entitlements; sourceTree = "<group>"; };
/* End PBXFileReference section */

/* Begin PBXFrameworksBuildPhase section */
		AC000001 /* Frameworks */ = {
			isa = PBXFrameworksBuildPhase;
			buildActionMask = 2147483647;
			files = (
				AA000012 /* IOKit.framework in Frameworks */,
			);
			runOnlyForDeploymentPostprocessing = 0;
		};
/* End PBXFrameworksBuildPhase section */

/* Begin PBXGroup section */
		AD000000 = {
			isa = PBXGroup;
			children = (
				AD000001 /* MacChill */,
				AD000005 /* Frameworks */,
				AD000006 /* Products */,
			);
			sourceTree = "<group>";
		};
		AD000001 /* MacChill */ = {
			isa = PBXGroup;
			children = (
				AB000001 /* MacChillApp.swift */,
				AB000013 /* Info.plist */,
				AB000014 /* MacChill.entitlements */,
				AD000002 /* Models */,
				AD000003 /* Services */,
				AD000004 /* Views */,
				AB000011 /* Assets.xcassets */,
			);
			path = MacChill;
			sourceTree = "<group>";
		};
		AD000002 /* Models */ = {
			isa = PBXGroup;
			children = (
				AB000002 /* ThermalModels.swift */,
			);
			path = Models;
			sourceTree = "<group>";
		};
		AD000003 /* Services */ = {
			isa = PBXGroup;
			children = (
				AB000003 /* SMCReader.swift */,
				AB000004 /* HIDTemperatureReader.swift */,
				AB000005 /* ThermalPressureReader.swift */,
				AB000006 /* ThermalMonitor.swift */,
				AB000007 /* LowPowerModeManager.swift */,
			);
			path = Services;
			sourceTree = "<group>";
		};
		AD000004 /* Views */ = {
			isa = PBXGroup;
			children = (
				AB000008 /* MenuBarIcon.swift */,
				AB000009 /* MenuContentView.swift */,
				AB000010 /* HistoryGraphView.swift */,
			);
			path = Views;
			sourceTree = "<group>";
		};
		AD000005 /* Frameworks */ = {
			isa = PBXGroup;
			children = (
				AB000012 /* IOKit.framework */,
			);
			name = Frameworks;
			sourceTree = "<group>";
		};
		AD000006 /* Products */ = {
			isa = PBXGroup;
			children = (
				AB000000 /* MacChill.app */,
			);
			name = Products;
			sourceTree = "<group>";
		};
/* End PBXGroup section */

/* Begin PBXNativeTarget section */
		AE000001 /* MacChill */ = {
			isa = PBXNativeTarget;
			buildConfigurationList = AF000003;
			buildPhases = (
				AC000002 /* Sources */,
				AC000001 /* Frameworks */,
				AC000003 /* Resources */,
			);
			buildRules = (
			);
			dependencies = (
			);
			name = MacChill;
			productName = MacChill;
			productReference = AB000000 /* MacChill.app */;
			productType = "com.apple.product-type.application";
		};
/* End PBXNativeTarget section */

/* Begin PBXProject section */
		AE000000 /* Project object */ = {
			isa = PBXProject;
			attributes = {
				BuildIndependentTargetsInParallel = 1;
				LastSwiftUpdateCheck = 1540;
				LastUpgradeCheck = 1540;
			};
			buildConfigurationList = AF000001;
			compatibilityVersion = "Xcode 14.0";
			developmentRegion = en;
			hasScannedForEncodings = 0;
			knownRegions = (
				en,
				Base,
			);
			mainGroup = AD000000;
			productRefGroup = AD000006 /* Products */;
			projectDirPath = "";
			projectRoot = "";
			targets = (
				AE000001 /* MacChill */,
			);
		};
/* End PBXProject section */

/* Begin PBXResourcesBuildPhase section */
		AC000003 /* Resources */ = {
			isa = PBXResourcesBuildPhase;
			buildActionMask = 2147483647;
			files = (
				AA000011 /* Assets.xcassets in Resources */,
			);
			runOnlyForDeploymentPostprocessing = 0;
		};
/* End PBXResourcesBuildPhase section */

/* Begin PBXSourcesBuildPhase section */
		AC000002 /* Sources */ = {
			isa = PBXSourcesBuildPhase;
			buildActionMask = 2147483647;
			files = (
				AA000001 /* MacChillApp.swift in Sources */,
				AA000002 /* ThermalModels.swift in Sources */,
				AA000003 /* SMCReader.swift in Sources */,
				AA000004 /* HIDTemperatureReader.swift in Sources */,
				AA000005 /* ThermalPressureReader.swift in Sources */,
				AA000006 /* ThermalMonitor.swift in Sources */,
				AA000007 /* LowPowerModeManager.swift in Sources */,
				AA000008 /* MenuBarIcon.swift in Sources */,
				AA000009 /* MenuContentView.swift in Sources */,
				AA000010 /* HistoryGraphView.swift in Sources */,
			);
			runOnlyForDeploymentPostprocessing = 0;
		};
/* End PBXSourcesBuildPhase section */

/* Begin XCBuildConfiguration section */
		AF000010 /* Debug */ = {
			isa = XCBuildConfiguration;
			buildSettings = {
				ALWAYS_SEARCH_USER_PATHS = NO;
				ASSETCATALOG_COMPILER_GENERATE_SWIFT_ASSET_SYMBOL_EXTENSIONS = YES;
				CLANG_ANALYZER_NONNULL = YES;
				CLANG_CXX_LANGUAGE_STANDARD = "gnu++20";
				CLANG_ENABLE_MODULES = YES;
				CLANG_ENABLE_OBJC_ARC = YES;
				COPY_PHASE_STRIP = NO;
				DEBUG_INFORMATION_FORMAT = dwarf;
				ENABLE_STRICT_OBJC_MSGSEND = YES;
				ENABLE_TESTABILITY = YES;
				GCC_DYNAMIC_NO_PIC = NO;
				GCC_OPTIMIZATION_LEVEL = 0;
				GCC_WARN_ABOUT_RETURN_TYPE = YES_ERROR;
				GCC_WARN_UNINITIALIZED_AUTOS = YES_AGGRESSIVE;
				MACOSX_DEPLOYMENT_TARGET = 14.0;
				MTL_ENABLE_DEBUG_INFO = INCLUDE_SOURCE;
				ONLY_ACTIVE_ARCH = YES;
				SDKROOT = macosx;
				SWIFT_ACTIVE_COMPILATION_CONDITIONS = "DEBUG $(inherited)";
				SWIFT_OPTIMIZATION_LEVEL = "-Onone";
			};
			name = Debug;
		};
		AF000011 /* Release */ = {
			isa = XCBuildConfiguration;
			buildSettings = {
				ALWAYS_SEARCH_USER_PATHS = NO;
				ASSETCATALOG_COMPILER_GENERATE_SWIFT_ASSET_SYMBOL_EXTENSIONS = YES;
				CLANG_ANALYZER_NONNULL = YES;
				CLANG_CXX_LANGUAGE_STANDARD = "gnu++20";
				CLANG_ENABLE_MODULES = YES;
				CLANG_ENABLE_OBJC_ARC = YES;
				COPY_PHASE_STRIP = NO;
				DEBUG_INFORMATION_FORMAT = "dwarf-with-dsym";
				ENABLE_NS_ASSERTIONS = NO;
				ENABLE_STRICT_OBJC_MSGSEND = YES;
				GCC_WARN_ABOUT_RETURN_TYPE = YES_ERROR;
				GCC_WARN_UNINITIALIZED_AUTOS = YES_AGGRESSIVE;
				MACOSX_DEPLOYMENT_TARGET = 14.0;
				SDKROOT = macosx;
				SWIFT_COMPILATION_MODE = wholemodule;
			};
			name = Release;
		};
		AF000020 /* Debug */ = {
			isa = XCBuildConfiguration;
			buildSettings = {
				ASSETCATALOG_COMPILER_APPICON_NAME = AppIcon;
				CODE_SIGN_ENTITLEMENTS = MacChill/MacChill.entitlements;
				COMBINE_HIDPI_IMAGES = YES;
				CURRENT_PROJECT_VERSION = 1;
				DEVELOPMENT_TEAM = "";
				ENABLE_HARDENED_RUNTIME = YES;
				GENERATE_INFOPLIST_FILE = NO;
				INFOPLIST_FILE = MacChill/Info.plist;
				INFOPLIST_KEY_LSUIElement = YES;
				INFOPLIST_KEY_NSHumanReadableCopyright = "Copyright 2026. All rights reserved.";
				LD_RUNPATH_SEARCH_PATHS = (
					"$(inherited)",
					"@executable_path/../Frameworks",
				);
				MARKETING_VERSION = 1.0;
				PRODUCT_BUNDLE_IDENTIFIER = com.macchill.app;
				PRODUCT_NAME = "$(TARGET_NAME)";
				SWIFT_EMIT_LOC_STRINGS = YES;
				SWIFT_VERSION = 5.0;
			};
			name = Debug;
		};
		AF000021 /* Release */ = {
			isa = XCBuildConfiguration;
			buildSettings = {
				ASSETCATALOG_COMPILER_APPICON_NAME = AppIcon;
				CODE_SIGN_ENTITLEMENTS = MacChill/MacChill.entitlements;
				COMBINE_HIDPI_IMAGES = YES;
				CURRENT_PROJECT_VERSION = 1;
				DEVELOPMENT_TEAM = "";
				ENABLE_HARDENED_RUNTIME = YES;
				GENERATE_INFOPLIST_FILE = NO;
				INFOPLIST_FILE = MacChill/Info.plist;
				INFOPLIST_KEY_LSUIElement = YES;
				INFOPLIST_KEY_NSHumanReadableCopyright = "Copyright 2026. All rights reserved.";
				LD_RUNPATH_SEARCH_PATHS = (
					"$(inherited)",
					"@executable_path/../Frameworks",
				);
				MARKETING_VERSION = 1.0;
				PRODUCT_BUNDLE_IDENTIFIER = com.macchill.app;
				PRODUCT_NAME = "$(TARGET_NAME)";
				SWIFT_EMIT_LOC_STRINGS = YES;
				SWIFT_VERSION = 5.0;
			};
			name = Release;
		};
/* End XCBuildConfiguration section */

/* Begin XCConfigurationList section */
		AF000001 /* Build configuration list for PBXProject "MacChill" */ = {
			isa = XCConfigurationList;
			buildConfigurations = (
				AF000010 /* Debug */,
				AF000011 /* Release */,
			);
			defaultConfigurationIsVisible = 0;
			defaultConfigurationName = Release;
		};
		AF000003 /* Build configuration list for PBXNativeTarget "MacChill" */ = {
			isa = XCConfigurationList;
			buildConfigurations = (
				AF000020 /* Debug */,
				AF000021 /* Release */,
			);
			defaultConfigurationIsVisible = 0;
			defaultConfigurationName = Release;
		};
/* End XCConfigurationList section */

	};
	rootObject = AE000000 /* Project object */;
}
